// !$*UTF8*$!
{
	archiveVersion = 1;
	classes = {
	};
	objectVersion = 46;
	objects = {

/* Begin PBXBuildFile section */
		055E02231F57C9CD0015462C /* AwaitCompletable.swift in Sources */ = {isa = PBXBuildFile; fileRef = 055E02201F57C9CD0015462C /* AwaitCompletable.swift */; };
		055E02241F57C9CD0015462C /* AwaitError.swift in Sources */ = {isa = PBXBuildFile; fileRef = 055E02211F57C9CD0015462C /* AwaitError.swift */; };
		055E02251F57C9CD0015462C /* DispatchQueue+Await.swift in Sources */ = {isa = PBXBuildFile; fileRef = 055E02221F57C9CD0015462C /* DispatchQueue+Await.swift */; };
		059F03691F57C3FF00139236 /* AppDelegate.swift in Sources */ = {isa = PBXBuildFile; fileRef = 059F035E1F57C3FF00139236 /* AppDelegate.swift */; };
		059F036A1F57C3FF00139236 /* Assets.xcassets in Resources */ = {isa = PBXBuildFile; fileRef = 059F035F1F57C3FF00139236 /* Assets.xcassets */; };
		059F036B1F57C3FF00139236 /* LaunchScreen.storyboard in Resources */ = {isa = PBXBuildFile; fileRef = 059F03601F57C3FF00139236 /* LaunchScreen.storyboard */; };
		059F036C1F57C3FF00139236 /* Main.storyboard in Resources */ = {isa = PBXBuildFile; fileRef = 059F03621F57C3FF00139236 /* Main.storyboard */; };
		059F036E1F57C3FF00139236 /* ViewController.swift in Sources */ = {isa = PBXBuildFile; fileRef = 059F03651F57C3FF00139236 /* ViewController.swift */; };
/* End PBXBuildFile section */

/* Begin PBXFileReference section */
		055E02201F57C9CD0015462C /* AwaitCompletable.swift */ = {isa = PBXFileReference; fileEncoding = 4; lastKnownFileType = sourcecode.swift; path = AwaitCompletable.swift; sourceTree = "<group>"; };
		055E02211F57C9CD0015462C /* AwaitError.swift */ = {isa = PBXFileReference; fileEncoding = 4; lastKnownFileType = sourcecode.swift; path = AwaitError.swift; sourceTree = "<group>"; };
		055E02221F57C9CD0015462C /* DispatchQueue+Await.swift */ = {isa = PBXFileReference; fileEncoding = 4; lastKnownFileType = sourcecode.swift; path = "DispatchQueue+Await.swift"; sourceTree = "<group>"; };
		059F035E1F57C3FF00139236 /* AppDelegate.swift */ = {isa = PBXFileReference; fileEncoding = 4; lastKnownFileType = sourcecode.swift; path = AppDelegate.swift; sourceTree = "<group>"; };
		059F035F1F57C3FF00139236 /* Assets.xcassets */ = {isa = PBXFileReference; lastKnownFileType = folder.assetcatalog; path = Assets.xcassets; sourceTree = "<group>"; };
		059F03611F57C3FF00139236 /* Base */ = {isa = PBXFileReference; lastKnownFileType = file.storyboard; name = Base; path = Base.lproj/LaunchScreen.storyboard; sourceTree = "<group>"; };
		059F03631F57C3FF00139236 /* Base */ = {isa = PBXFileReference; lastKnownFileType = file.storyboard; name = Base; path = Base.lproj/Main.storyboard; sourceTree = "<group>"; };
		059F03641F57C3FF00139236 /* Info.plist */ = {isa = PBXFileReference; fileEncoding = 4; lastKnownFileType = text.plist.xml; path = Info.plist; sourceTree = "<group>"; };
		059F03651F57C3FF00139236 /* ViewController.swift */ = {isa = PBXFileReference; fileEncoding = 4; lastKnownFileType = sourcecode.swift; path = ViewController.swift; sourceTree = "<group>"; };
		05F924951F5404100002B104 /* Await-Demo.app */ = {isa = PBXFileReference; explicitFileType = wrapper.application; includeInIndex = 0; path = "Await-Demo.app"; sourceTree = BUILT_PRODUCTS_DIR; };
/* End PBXFileReference section */

/* Begin PBXFrameworksBuildPhase section */
		05F924921F5404100002B104 /* Frameworks */ = {
			isa = PBXFrameworksBuildPhase;
			buildActionMask = 2147483647;
			files = (
			);
			runOnlyForDeploymentPostprocessing = 0;
		};
/* End PBXFrameworksBuildPhase section */

/* Begin PBXGroup section */
		055E021F1F57C9CD0015462C /* Sources */ = {
			isa = PBXGroup;
			children = (
				055E02221F57C9CD0015462C /* DispatchQueue+Await.swift */,
				055E02201F57C9CD0015462C /* AwaitCompletable.swift */,
				055E02211F57C9CD0015462C /* AwaitError.swift */,
			);
			path = Sources;
			sourceTree = "<group>";
		};
		059F035D1F57C3FF00139236 /* Await-Demo */ = {
			isa = PBXGroup;
			children = (
				059F035E1F57C3FF00139236 /* AppDelegate.swift */,
				059F03651F57C3FF00139236 /* ViewController.swift */,
				059F035F1F57C3FF00139236 /* Assets.xcassets */,
				059F03601F57C3FF00139236 /* LaunchScreen.storyboard */,
				059F03621F57C3FF00139236 /* Main.storyboard */,
				059F03641F57C3FF00139236 /* Info.plist */,
			);
			path = "Await-Demo";
			sourceTree = "<group>";
		};
		05F9248C1F5404100002B104 = {
			isa = PBXGroup;
			children = (
				055E021F1F57C9CD0015462C /* Sources */,
				059F035D1F57C3FF00139236 /* Await-Demo */,
				05F924961F5404100002B104 /* Products */,
			);
			sourceTree = "<group>";
		};
		05F924961F5404100002B104 /* Products */ = {
			isa = PBXGroup;
			children = (
				05F924951F5404100002B104 /* Await-Demo.app */,
			);
			name = Products;
			sourceTree = "<group>";
		};
/* End PBXGroup section */

/* Begin PBXNativeTarget section */
		05F924941F5404100002B104 /* Await-Demo */ = {
			isa = PBXNativeTarget;
			buildConfigurationList = 05F924A71F5404100002B104 /* Build configuration list for PBXNativeTarget "Await-Demo" */;
			buildPhases = (
				05F924911F5404100002B104 /* Sources */,
				05F924921F5404100002B104 /* Frameworks */,
				05F924931F5404100002B104 /* Resources */,
			);
			buildRules = (
			);
			dependencies = (
			);
			name = "Await-Demo";
			productName = "AwaitKit-Demo";
			productReference = 05F924951F5404100002B104 /* Await-Demo.app */;
			productType = "com.apple.product-type.application";
		};
/* End PBXNativeTarget section */

/* Begin PBXProject section */
		05F9248D1F5404100002B104 /* Project object */ = {
			isa = PBXProject;
			attributes = {
				LastSwiftUpdateCheck = 0830;
				LastUpgradeCheck = 1020;
				ORGANIZATIONNAME = tiny2n;
				TargetAttributes = {
					05F924941F5404100002B104 = {
						CreatedOnToolsVersion = 8.3.3;
						DevelopmentTeam = PCAKRK678S;
						ProvisioningStyle = Automatic;
					};
				};
			};
			buildConfigurationList = 05F924901F5404100002B104 /* Build configuration list for PBXProject "Await-Demo" */;
			compatibilityVersion = "Xcode 3.2";
			developmentRegion = en;
			hasScannedForEncodings = 0;
			knownRegions = (
				en,
				Base,
			);
			mainGroup = 05F9248C1F5404100002B104;
			productRefGroup = 05F924961F5404100002B104 /* Products */;
			projectDirPath = "";
			projectRoot = "";
			targets = (
				05F924941F5404100002B104 /* Await-Demo */,
			);
		};
/* End PBXProject section */

/* Begin PBXResourcesBuildPhase section */
		05F924931F5404100002B104 /* Resources */ = {
			isa = PBXResourcesBuildPhase;
			buildActionMask = 2147483647;
			files = (
				059F036C1F57C3FF00139236 /* Main.storyboard in Resources */,
				059F036A1F57C3FF00139236 /* Assets.xcassets in Resources */,
				059F036B1F57C3FF00139236 /* LaunchScreen.storyboard in Resources */,
			);
			runOnlyForDeploymentPostprocessing = 0;
		};
/* End PBXResourcesBuildPhase section */

/* Begin PBXSourcesBuildPhase section */
		05F924911F5404100002B104 /* Sources */ = {
			isa = PBXSourcesBuildPhase;
			buildActionMask = 2147483647;
			files = (
				059F036E1F57C3FF00139236 /* ViewController.swift in Sources */,
				059F03691F57C3FF00139236 /* AppDelegate.swift in Sources */,
				055E02231F57C9CD0015462C /* AwaitCompletable.swift in Sources */,
				055E02251F57C9CD0015462C /* DispatchQueue+Await.swift in Sources */,
				055E02241F57C9CD0015462C /* AwaitError.swift in Sources */,
			);
			runOnlyForDeploymentPostprocessing = 0;
		};
/* End PBXSourcesBuildPhase section */

/* Begin PBXVariantGroup section */
		059F03601F57C3FF00139236 /* LaunchScreen.storyboard */ = {
			isa = PBXVariantGroup;
			children = (
				059F03611F57C3FF00139236 /* Base */,
			);
			name = LaunchScreen.storyboard;
			sourceTree = "<group>";
		};
		059F03621F57C3FF00139236 /* Main.storyboard */ = {
			isa = PBXVariantGroup;
			children = (
				059F03631F57C3FF00139236 /* Base */,
			);
			name = Main.storyboard;
			sourceTree = "<group>";
		};
/* End PBXVariantGroup section */

/* Begin XCBuildConfiguration section */
		05F924A51F5404100002B104 /* Debug */ = {
			isa = XCBuildConfiguration;
			buildSettings = {
				ALWAYS_SEARCH_USER_PATHS = NO;
				APPLICATION_EXTENSION_API_ONLY = YES;
				CLANG_ANALYZER_LOCALIZABILITY_NONLOCALIZED = YES;
				CLANG_ANALYZER_NONNULL = YES;
				CLANG_ANALYZER_NUMBER_OBJECT_CONVERSION = YES_AGGRESSIVE;
				CLANG_CXX_LANGUAGE_STANDARD = "gnu++0x";
				CLANG_CXX_LIBRARY = "libc++";
				CLANG_ENABLE_MODULES = YES;
				CLANG_ENABLE_OBJC_ARC = YES;
				CLANG_WARN_BLOCK_CAPTURE_AUTORELEASING = YES;
				CLANG_WARN_BOOL_CONVERSION = YES;
				CLANG_WARN_COMMA = YES;
				CLANG_WARN_CONSTANT_CONVERSION = YES;
				CLANG_WARN_DEPRECATED_OBJC_IMPLEMENTATIONS = YES;
				CLANG_WARN_DIRECT_OBJC_ISA_USAGE = YES_ERROR;
				CLANG_WARN_DOCUMENTATION_COMMENTS = YES;
				CLANG_WARN_EMPTY_BODY = YES;
				CLANG_WARN_ENUM_CONVERSION = YES;
				CLANG_WARN_INFINITE_RECURSION = YES;
				CLANG_WARN_INT_CONVERSION = YES;
				CLANG_WARN_NON_LITERAL_NULL_CONVERSION = YES;
				CLANG_WARN_OBJC_IMPLICIT_RETAIN_SELF = YES;
				CLANG_WARN_OBJC_LITERAL_CONVERSION = YES;
				CLANG_WARN_OBJC_ROOT_CLASS = YES_ERROR;
				CLANG_WARN_RANGE_LOOP_ANALYSIS = YES;
				CLANG_WARN_STRICT_PROTOTYPES = YES;
				CLANG_WARN_SUSPICIOUS_MOVE = YES;
				CLANG_WARN_UNREACHABLE_CODE = YES;
				CLANG_WARN__DUPLICATE_METHOD_MATCH = YES;
				"CODE_SIGN_IDENTITY[sdk=iphoneos*]" = "iPhone Developer";
				COPY_PHASE_STRIP = NO;
				DEBUG_INFORMATION_FORMAT = dwarf;
				ENABLE_STRICT_OBJC_MSGSEND = YES;
				ENABLE_TESTABILITY = YES;
				GCC_C_LANGUAGE_STANDARD = gnu99;
				GCC_DYNAMIC_NO_PIC = NO;
				GCC_NO_COMMON_BLOCKS = YES;
				GCC_OPTIMIZATION_LEVEL = 0;
				GCC_PREPROCESSOR_DEFINITIONS = (
					"DEBUG=1",
					"$(inherited)",
				);
				GCC_WARN_64_TO_32_BIT_CONVERSION = YES;
				GCC_WARN_ABOUT_RETURN_TYPE = YES_ERROR;
				GCC_WARN_UNDECLARED_SELECTOR = YES;
				GCC_WARN_UNINITIALIZED_AUTOS = YES_AGGRESSIVE;
				GCC_WARN_UNUSED_FUNCTION = YES;
				GCC_WARN_UNUSED_VARIABLE = YES;
				IPHONEOS_DEPLOYMENT_TARGET = 10.0;
				MTL_ENABLE_DEBUG_INFO = YES;
				ONLY_ACTIVE_ARCH = YES;
				SDKROOT = iphoneos;
				SWIFT_ACTIVE_COMPILATION_CONDITIONS = DEBUG;
				SWIFT_OPTIMIZATION_LEVEL = "-Onone";
				SWIFT_VERSION = 5.0;
			};
			name = Debug;
		};
		05F924A61F5404100002B104 /* Release */ = {
			isa = XCBuildConfiguration;
			buildSettings = {
				ALWAYS_SEARCH_USER_PATHS = NO;
				APPLICATION_EXTENSION_API_ONLY = YES;
				CLANG_ANALYZER_LOCALIZABILITY_NONLOCALIZED = YES;
				CLANG_ANALYZER_NONNULL = YES;
				CLANG_ANALYZER_NUMBER_OBJECT_CONVERSION = YES_AGGRESSIVE;
				CLANG_CXX_LANGUAGE_STANDARD = "gnu++0x";
				CLANG_CXX_LIBRARY = "libc++";
				CLANG_ENABLE_MODULES = YES;
				CLANG_ENABLE_OBJC_ARC = YES;
				CLANG_WARN_BLOCK_CAPTURE_AUTORELEASING = YES;
				CLANG_WARN_BOOL_CONVERSION = YES;
				CLANG_WARN_COMMA = YES;
				CLANG_WARN_CONSTANT_CONVERSION = YES;
				CLANG_WARN_DEPRECATED_OBJC_IMPLEMENTATIONS = YES;
				CLANG_WARN_DIRECT_OBJC_ISA_USAGE = YES_ERROR;
				CLANG_WARN_DOCUMENTATION_COMMENTS = YES;
				CLANG_WARN_EMPTY_BODY = YES;
				CLANG_WARN_ENUM_CONVERSION = YES;
				CLANG_WARN_INFINITE_RECURSION = YES;
				CLANG_WARN_INT_CONVERSION = YES;
				CLANG_WARN_NON_LITERAL_NULL_CONVERSION = YES;
				CLANG_WARN_OBJC_IMPLICIT_RETAIN_SELF = YES;
				CLANG_WARN_OBJC_LITERAL_CONVERSION = YES;
				CLANG_WARN_OBJC_ROOT_CLASS = YES_ERROR;
				CLANG_WARN_RANGE_LOOP_ANALYSIS = YES;
				CLANG_WARN_STRICT_PROTOTYPES = YES;
				CLANG_WARN_SUSPICIOUS_MOVE = YES;
				CLANG_WARN_UNREACHABLE_CODE = YES;
				CLANG_WARN__DUPLICATE_METHOD_MATCH = YES;
				"CODE_SIGN_IDENTITY[sdk=iphoneos*]" = "iPhone Developer";
				COPY_PHASE_STRIP = NO;
				DEBUG_INFORMATION_FORMAT = "dwarf-with-dsym";
				ENABLE_NS_ASSERTIONS = NO;
				ENABLE_STRICT_OBJC_MSGSEND = YES;
				GCC_C_LANGUAGE_STANDARD = gnu99;
				GCC_NO_COMMON_BLOCKS = YES;
				GCC_WARN_64_TO_32_BIT_CONVERSION = YES;
				GCC_WARN_ABOUT_RETURN_TYPE = YES_ERROR;
				GCC_WARN_UNDECLARED_SELECTOR = YES;
				GCC_WARN_UNINITIALIZED_AUTOS = YES_AGGRESSIVE;
				GCC_WARN_UNUSED_FUNCTION = YES;
				GCC_WARN_UNUSED_VARIABLE = YES;
				IPHONEOS_DEPLOYMENT_TARGET = 10.0;
				MTL_ENABLE_DEBUG_INFO = NO;
				SDKROOT = iphoneos;
				SWIFT_OPTIMIZATION_LEVEL = "-Owholemodule";
				SWIFT_VERSION = 5.0;
				VALIDATE_PRODUCT = YES;
			};
			name = Release;
		};
		05F924A81F5404100002B104 /* Debug */ = {
			isa = XCBuildConfiguration;
			buildSettings = {
				APPLICATION_EXTENSION_API_ONLY = YES;
				ASSETCATALOG_COMPILER_APPICON_NAME = AppIcon;
				DEVELOPMENT_TEAM = PCAKRK678S;
				INFOPLIST_FILE = "Await-Demo/Info.plist";
				LD_RUNPATH_SEARCH_PATHS = "$(inherited) @executable_path/Frameworks";
				PRODUCT_BUNDLE_IDENTIFIER = "com.tiny2n.Await-Demo";
				PRODUCT_NAME = "$(TARGET_NAME)";
				SWIFT_VERSION = 5.0;
			};
			name = Debug;
		};
		05F924A91F5404100002B104 /* Release */ = {
			isa = XCBuildConfiguration;
			buildSettings = {
				APPLICATION_EXTENSION_API_ONLY = YES;
				ASSETCATALOG_COMPILER_APPICON_NAME = AppIcon;
				DEVELOPMENT_TEAM = PCAKRK678S;
				INFOPLIST_FILE = "Await-Demo/Info.plist";
				LD_RUNPATH_SEARCH_PATHS = "$(inherited) @executable_path/Frameworks";
				PRODUCT_BUNDLE_IDENTIFIER = "com.tiny2n.Await-Demo";
				PRODUCT_NAME = "$(TARGET_NAME)";
				SWIFT_VERSION = 5.0;
			};
			name = Release;
		};
/* End XCBuildConfiguration section */

/* Begin XCConfigurationList section */
		05F924901F5404100002B104 /* Build configuration list for PBXProject "Await-Demo" */ = {
			isa = XCConfigurationList;
			buildConfigurations = (
				05F924A51F5404100002B104 /* Debug */,
				05F924A61F5404100002B104 /* Release */,
			);
			defaultConfigurationIsVisible = 0;
			defaultConfigurationName = Release;
		};
		05F924A71F5404100002B104 /* Build configuration list for PBXNativeTarget "Await-Demo" */ = {
			isa = XCConfigurationList;
			buildConfigurations = (
				05F924A81F5404100002B104 /* Debug */,
				05F924A91F5404100002B104 /* Release */,
			);
			defaultConfigurationIsVisible = 0;
			defaultConfigurationName = Release;
		};
/* End XCConfigurationList section */
	};
	rootObject = 05F9248D1F5404100002B104 /* Project object */;
}
